
Microsoft Visual Studio Solution File, Format Version 12.00
# Visual Studio Version 17
VisualStudioVersion = 17.5.002.0
MinimumVisualStudioVersion = 10.0.40219.1
Project("{9A19103F-16F7-4668-BE54-9A1E7A4F7556}") = "EventManager", "EventManager.csproj", "{DB5D98DE-C3EB-47F4-A2FF-168DE5E2CD47}"
EndProject
Global
	GlobalSection(SolutionConfigurationPlatforms) = preSolution
		Debug|Any CPU = Debug|Any CPU
		Release|Any CPU = Release|Any CPU
	EndGlobalSection
	GlobalSection(ProjectConfigurationPlatforms) = postSolution
		{DB5D98DE-C3EB-47F4-A2FF-168DE5E2CD47}.Debug|Any CPU.ActiveCfg = Debug|Any CPU
		{DB5D98DE-C3EB-47F4-A2FF-168DE5E2CD47}.Debug|Any CPU.Build.0 = Debug|Any CPU
		{DB5D98DE-C3EB-47F4-A2FF-168DE5E2CD47}.Release|Any CPU.ActiveCfg = Release|Any CPU
		{DB5D98DE-C3EB-47F4-A2FF-168DE5E2CD47}.Release|Any CPU.Build.0 = Release|Any CPU
	EndGlobalSection
	GlobalSection(SolutionProperties) = preSolution
		HideSolutionNode = FALSE
	EndGlobalSection
	GlobalSection(ExtensibilityGlobals) = postSolution
		SolutionGuid = {CD0B0DFD-CC1D-40A5-9EB7-DC9D327BF642}
	EndGlobalSection
EndGlobal
